{
  "nodes": {
    "maipkgs": {
      "inputs": {
        "nixpkgs": "nixpkgs"
      },
      "locked": {
        "lastModified": 1759841062,
        "narHash": "sha256-lJQ3ax5P5pFNLdu9dSAKfQQ0FaRPTUvlaPn2QH7VvTU=",
        "owner": "stephen-huan",
        "repo": "maipkgs",
        "rev": "5aebe6967882582afc4aa509f717916c4cc3914c",
        "type": "github"
      },
      "original": {
        "owner": "stephen-huan",
        "repo": "maipkgs",
        "type": "github"
      }
    },
    "nixpkgs": {
      "locked": {
        "lastModified": 1759381078,
        "narHash": "sha256-gTrEEp5gEspIcCOx9PD8kMaF1iEmfBcTbO0Jag2QhQs=",
        "owner": "nixos",
        "repo": "nixpkgs",
        "rev": "7df7ff7d8e00218376575f0acdcc5d66741351ee",
        "type": "github"
      },
      "original": {
        "owner": "nixos",
        "ref": "nixos-unstable",
        "repo": "nixpkgs",
        "type": "github"
      }
    },
    "root": {
      "inputs": {
        "maipkgs": "maipkgs",
        "nixpkgs": [
          "maipkgs",
          "nixpkgs"
        ]
      }
    }
  },
  "root": "root",
  "version": 7
}
